
Microsoft Visual Studio Solution File, Format Version 12.00
# Visual Studio Version 17
VisualStudioVersion = 17.0.31919.166
MinimumVisualStudioVersion = 10.0.40219.1
Project("{FAE04EC0-301F-11D3-BF4B-00C04F79EFBC}") = "SeeSharp.FactoryPattern", "FactoryPattern\SeeSharp.FactoryPattern.csproj", "{C5BB09A3-F24B-46A8-99FD-E78CCB392185}"
EndProject
Project("{FAE04EC0-301F-11D3-BF4B-00C04F79EFBC}") = "SeeSharp.Shared", "..\SeeSharp.Shared\SeeSharp.Shared.csproj", "{A4792A45-425F-46BE-8DB1-848D4D6C967F}"
EndProject
Global
	GlobalSection(SolutionConfigurationPlatforms) = preSolution
		Debug|Any CPU = Debug|Any CPU
		Release|Any CPU = Release|Any CPU
	EndGlobalSection
	GlobalSection(ProjectConfigurationPlatforms) = postSolution
		{C5BB09A3-F24B-46A8-99FD-E78CCB392185}.Debug|Any CPU.ActiveCfg = Debug|Any CPU
		{C5BB09A3-F24B-46A8-99FD-E78CCB392185}.Debug|Any CPU.Build.0 = Debug|Any CPU
		{C5BB09A3-F24B-46A8-99FD-E78CCB392185}.Release|Any CPU.ActiveCfg = Release|Any CPU
		{C5BB09A3-F24B-46A8-99FD-E78CCB392185}.Release|Any CPU.Build.0 = Release|Any CPU
		{A4792A45-425F-46BE-8DB1-848D4D6C967F}.Debug|Any CPU.ActiveCfg = Debug|Any CPU
		{A4792A45-425F-46BE-8DB1-848D4D6C967F}.Debug|Any CPU.Build.0 = Debug|Any CPU
		{A4792A45-425F-46BE-8DB1-848D4D6C967F}.Release|Any CPU.ActiveCfg = Release|Any CPU
		{A4792A45-425F-46BE-8DB1-848D4D6C967F}.Release|Any CPU.Build.0 = Release|Any CPU
	EndGlobalSection
	GlobalSection(SolutionProperties) = preSolution
		HideSolutionNode = FALSE
	EndGlobalSection
	GlobalSection(ExtensibilityGlobals) = postSolution
		SolutionGuid = {FFEC4D2D-54CB-4F93-9687-C5E9E7EF0FF4}
	EndGlobalSection
EndGlobal
